
Microsoft Visual Studio Solution File, Format Version 12.00
# Visual Studio Version 17
VisualStudioVersion = 17.11.35327.3
MinimumVisualStudioVersion = 10.0.40219.1
Project("{FAE04EC0-301F-11D3-BF4B-00C04F79EFBC}") = "RegIN_Ilmashevaa", "RegIN_Ilmashevaa\RegIN_Ilmashevaa.csproj", "{057EAFC0-3BFC-4F37-985D-4C6166485689}"
EndProject
Global
	GlobalSection(SolutionConfigurationPlatforms) = preSolution
		Debug|Any CPU = Debug|Any CPU
		Release|Any CPU = Release|Any CPU
	EndGlobalSection
	GlobalSection(ProjectConfigurationPlatforms) = postSolution
		{057EAFC0-3BFC-4F37-985D-4C6166485689}.Debug|Any CPU.ActiveCfg = Debug|Any CPU
		{057EAFC0-3BFC-4F37-985D-4C6166485689}.Debug|Any CPU.Build.0 = Debug|Any CPU
		{057EAFC0-3BFC-4F37-985D-4C6166485689}.Release|Any CPU.ActiveCfg = Release|Any CPU
		{057EAFC0-3BFC-4F37-985D-4C6166485689}.Release|Any CPU.Build.0 = Release|Any CPU
	EndGlobalSection
	GlobalSection(SolutionProperties) = preSolution
		HideSolutionNode = FALSE
	EndGlobalSection
	GlobalSection(ExtensibilityGlobals) = postSolution
		SolutionGuid = {02DB982F-6E11-4168-8902-21D70961AEC0}
	EndGlobalSection
EndGlobal
